PODS:
  - IQKeyboardManager (6.5.11)
  - SideEngine-iOS (4.2.0)

DEPENDENCIES:
  - IQKeyboardManager (~> 6.5)
  - SideEngine-iOS

SPEC REPOS:
  trunk:
    - IQKeyboardManager
    - SideEngine-iOS

SPEC CHECKSUMS:
  IQKeyboardManager: ef43ce1ba1e5aaf4adf222c0a46f39761f246879
  SideEngine-iOS: 7d500660fe9cb3e864259860b82887302724ecc3

PODFILE CHECKSUM: 65af43676cf9e01a0f8e974a90592895d0143d7e

COCOAPODS: 1.12.1
