PODS:
  - IQKeyboardManager (6.5.19)
  - SideEngine-iOS (4.3.6):
    - TensorFlowLiteSwift (= 2.13.0)
  - TensorFlowLiteC (2.13.0):
    - TensorFlowLiteC/Core (= 2.13.0)
  - TensorFlowLiteC/Core (2.13.0)
  - TensorFlowLiteSwift (2.13.0):
    - TensorFlowLiteSwift/Core (= 2.13.0)
  - TensorFlowLiteSwift/Core (2.13.0):
    - TensorFlowLiteC (= 2.13.0)

DEPENDENCIES:
  - IQKeyboardManager
  - SideEngine-iOS (from `https://github.com/k-safe/flare_sdk_ios.git`, tag `4.3.6`)

SPEC REPOS:
  trunk:
    - IQKeyboardManager
    - TensorFlowLiteC
    - TensorFlowLiteSwift

EXTERNAL SOURCES:
  SideEngine-iOS:
    :git: https://github.com/k-safe/flare_sdk_ios.git
    :tag: 4.3.6

CHECKOUT OPTIONS:
  SideEngine-iOS:
    :git: https://github.com/k-safe/flare_sdk_ios.git
    :tag: 4.3.6

SPEC CHECKSUMS:
  IQKeyboardManager: c8665b3396bd0b79402b4c573eac345a31c7d485
  SideEngine-iOS: 0d80ab2ab9fe57cdb7e41f9f99809636652a8225
  TensorFlowLiteC: ac3334fa9dbc90e4744b4497312a393fd02b5408
  TensorFlowLiteSwift: 1d8320fbf292054eb50ef0b347a4b17a92b49731

PODFILE CHECKSUM: 25057b25732251166ca5c0f04ce09e04ac3d27a7

COCOAPODS: 1.15.2
