PODS:
  - IQKeyboardManager (6.5.13)
  - SideEngine-iOS (4.2.7):
    - TensorFlowLiteSwift (= 2.13.0)
  - TensorFlowLiteC (2.13.0):
    - TensorFlowLiteC/Core (= 2.13.0)
  - TensorFlowLiteC/Core (2.13.0)
  - TensorFlowLiteSwift (2.13.0):
    - TensorFlowLiteSwift/Core (= 2.13.0)
  - TensorFlowLiteSwift/Core (2.13.0):
    - TensorFlowLiteC (= 2.13.0)

DEPENDENCIES:
  - IQKeyboardManager (~> 6.5)
  - SideEngine-iOS

SPEC REPOS:
  trunk:
    - IQKeyboardManager
    - SideEngine-iOS
    - TensorFlowLiteC
    - TensorFlowLiteSwift

SPEC CHECKSUMS:
  IQKeyboardManager: a932e53c5175755c60a3e2ad31a9f3aa5e33dd89
  SideEngine-iOS: 1b7c612b2fe11f51dd0976625fb47c865649bdf6
  TensorFlowLiteC: ac3334fa9dbc90e4744b4497312a393fd02b5408
  TensorFlowLiteSwift: 1d8320fbf292054eb50ef0b347a4b17a92b49731

PODFILE CHECKSUM: ce0d36c28a4953b0835e5ee16eee0decbd933bc5

COCOAPODS: 1.12.1
