PODS:
  - IQKeyboardManager (6.5.12)
  - SideEngine-iOS (4.2.0)

DEPENDENCIES:
  - IQKeyboardManager (~> 6.5)
  - SideEngine-iOS

SPEC REPOS:
  trunk:
    - IQKeyboardManager
    - SideEngine-iOS

SPEC CHECKSUMS:
  IQKeyboardManager: b1fd66ccf7a79095bdcc4a2735231586f744216e
  SideEngine-iOS: 7d500660fe9cb3e864259860b82887302724ecc3

PODFILE CHECKSUM: ed308d54d5c1de1d92ace55e6bc7d4098a68b896

COCOAPODS: 1.11.3
